
Microsoft Visual Studio Solution File, Format Version 12.00
# Visual Studio Version 17
VisualStudioVersion = 17.2.32616.157
MinimumVisualStudioVersion = 10.0.40219.1
Project("{9A19103F-16F7-4668-BE54-9A1E7A4F7556}") = "Forca - av30", "jogo-da-forca\Forca - av30.csproj", "{D3EC0B1A-51A7-4FF8-A16D-F75AC36E4E3C}"
EndProject
Global
	GlobalSection(SolutionConfigurationPlatforms) = preSolution
		Debug|Any CPU = Debug|Any CPU
		Release|Any CPU = Release|Any CPU
	EndGlobalSection
	GlobalSection(ProjectConfigurationPlatforms) = postSolution
		{D3EC0B1A-51A7-4FF8-A16D-F75AC36E4E3C}.Debug|Any CPU.ActiveCfg = Debug|Any CPU
		{D3EC0B1A-51A7-4FF8-A16D-F75AC36E4E3C}.Debug|Any CPU.Build.0 = Debug|Any CPU
		{D3EC0B1A-51A7-4FF8-A16D-F75AC36E4E3C}.Release|Any CPU.ActiveCfg = Release|Any CPU
		{D3EC0B1A-51A7-4FF8-A16D-F75AC36E4E3C}.Release|Any CPU.Build.0 = Release|Any CPU
	EndGlobalSection
	GlobalSection(SolutionProperties) = preSolution
		HideSolutionNode = FALSE
	EndGlobalSection
	GlobalSection(ExtensibilityGlobals) = postSolution
		SolutionGuid = {FC8A83C0-6808-47F7-A069-622D1ED4F905}
	EndGlobalSection
EndGlobal
